
Microsoft Visual Studio Solution File, Format Version 12.00
# Visual Studio 15
VisualStudioVersion = 15.0.28010.2046
MinimumVisualStudioVersion = 10.0.40219.1
Project("{9A19103F-16F7-4668-BE54-9A1E7A4F7556}") = "ContactManager", "ContactManager.csproj", "{D977C544-613F-4603-8913-10EE36FF9CD3}"
EndProject
Global
	GlobalSection(SolutionConfigurationPlatforms) = preSolution
		Debug|Any CPU = Debug|Any CPU
		Release|Any CPU = Release|Any CPU
	EndGlobalSection
	GlobalSection(ProjectConfigurationPlatforms) = postSolution
		{D977C544-613F-4603-8913-10EE36FF9CD3}.Debug|Any CPU.ActiveCfg = Debug|Any CPU
		{D977C544-613F-4603-8913-10EE36FF9CD3}.Debug|Any CPU.Build.0 = Debug|Any CPU
		{D977C544-613F-4603-8913-10EE36FF9CD3}.Release|Any CPU.ActiveCfg = Release|Any CPU
		{D977C544-613F-4603-8913-10EE36FF9CD3}.Release|Any CPU.Build.0 = Release|Any CPU
	EndGlobalSection
	GlobalSection(SolutionProperties) = preSolution
		HideSolutionNode = FALSE
	EndGlobalSection
	GlobalSection(ExtensibilityGlobals) = postSolution
		SolutionGuid = {2122C852-7E86-49B4-ACD6-EA4CD0E13098}
	EndGlobalSection
EndGlobal
